// !$*UTF8*$!
{
	archiveVersion = 1;
	classes = {
	};
	objectVersion = 46;
	objects = {

/* Begin PBXBuildFile section */
		D0C5F9811BAF8BDD0039961B /* AppDelegate.swift in Sources */ = {isa = PBXBuildFile; fileRef = D0C5F9801BAF8BDD0039961B /* AppDelegate.swift */; };
		D0C5F9831BAF8BDD0039961B /* ViewController.swift in Sources */ = {isa = PBXBuildFile; fileRef = D0C5F9821BAF8BDD0039961B /* ViewController.swift */; };
		D0C5F9861BAF8BDD0039961B /* Main.storyboard in Resources */ = {isa = PBXBuildFile; fileRef = D0C5F9841BAF8BDD0039961B /* Main.storyboard */; };
		D0C5F9881BAF8BDD0039961B /* Assets.xcassets in Resources */ = {isa = PBXBuildFile; fileRef = D0C5F9871BAF8BDD0039961B /* Assets.xcassets */; };
		D0C5F98B1BAF8BDD0039961B /* LaunchScreen.storyboard in Resources */ = {isa = PBXBuildFile; fileRef = D0C5F9891BAF8BDD0039961B /* LaunchScreen.storyboard */; };
		D0C5F9931BAF8BE80039961B /* UIColorExtension.swift in Sources */ = {isa = PBXBuildFile; fileRef = D0C5F9921BAF8BE80039961B /* UIColorExtension.swift */; settings = {ASSET_TAGS = (); }; };
/* End PBXBuildFile section */

/* Begin PBXFileReference section */
		D0C5F97D1BAF8BDD0039961B /* Sample.app */ = {isa = PBXFileReference; explicitFileType = wrapper.application; includeInIndex = 0; path = Sample.app; sourceTree = BUILT_PRODUCTS_DIR; };
		D0C5F9801BAF8BDD0039961B /* AppDelegate.swift */ = {isa = PBXFileReference; lastKnownFileType = sourcecode.swift; path = AppDelegate.swift; sourceTree = "<group>"; };
		D0C5F9821BAF8BDD0039961B /* ViewController.swift */ = {isa = PBXFileReference; lastKnownFileType = sourcecode.swift; path = ViewController.swift; sourceTree = "<group>"; };
		D0C5F9851BAF8BDD0039961B /* Base */ = {isa = PBXFileReference; lastKnownFileType = file.storyboard; name = Base; path = Base.lproj/Main.storyboard; sourceTree = "<group>"; };
		D0C5F9871BAF8BDD0039961B /* Assets.xcassets */ = {isa = PBXFileReference; lastKnownFileType = folder.assetcatalog; path = Assets.xcassets; sourceTree = "<group>"; };
		D0C5F98A1BAF8BDD0039961B /* Base */ = {isa = PBXFileReference; lastKnownFileType = file.storyboard; name = Base; path = Base.lproj/LaunchScreen.storyboard; sourceTree = "<group>"; };
		D0C5F98C1BAF8BDD0039961B /* Info.plist */ = {isa = PBXFileReference; lastKnownFileType = text.plist.xml; path = Info.plist; sourceTree = "<group>"; };
		D0C5F9921BAF8BE80039961B /* UIColorExtension.swift */ = {isa = PBXFileReference; fileEncoding = 4; lastKnownFileType = sourcecode.swift; name = UIColorExtension.swift; path = ../../UIColorExtension.swift; sourceTree = "<group>"; };
/* End PBXFileReference section */

/* Begin PBXFrameworksBuildPhase section */
		D0C5F97A1BAF8BDD0039961B /* Frameworks */ = {
			isa = PBXFrameworksBuildPhase;
			buildActionMask = 2147483647;
			files = (
			);
			runOnlyForDeploymentPostprocessing = 0;
		};
/* End PBXFrameworksBuildPhase section */

/* Begin PBXGroup section */
		D0C5F9741BAF8BDD0039961B = {
			isa = PBXGroup;
			children = (
				D0C5F97F1BAF8BDD0039961B /* Sample */,
				D0C5F97E1BAF8BDD0039961B /* Products */,
			);
			sourceTree = "<group>";
		};
		D0C5F97E1BAF8BDD0039961B /* Products */ = {
			isa = PBXGroup;
			children = (
				D0C5F97D1BAF8BDD0039961B /* Sample.app */,
			);
			name = Products;
			sourceTree = "<group>";
		};
		D0C5F97F1BAF8BDD0039961B /* Sample */ = {
			isa = PBXGroup;
			children = (
				D0C5F9921BAF8BE80039961B /* UIColorExtension.swift */,
				D0C5F9801BAF8BDD0039961B /* AppDelegate.swift */,
				D0C5F9821BAF8BDD0039961B /* ViewController.swift */,
				D0C5F9841BAF8BDD0039961B /* Main.storyboard */,
				D0C5F9871BAF8BDD0039961B /* Assets.xcassets */,
				D0C5F9891BAF8BDD0039961B /* LaunchScreen.storyboard */,
				D0C5F98C1BAF8BDD0039961B /* Info.plist */,
			);
			path = Sample;
			sourceTree = "<group>";
		};
/* End PBXGroup section */

/* Begin PBXNativeTarget section */
		D0C5F97C1BAF8BDD0039961B /* Sample */ = {
			isa = PBXNativeTarget;
			buildConfigurationList = D0C5F98F1BAF8BDD0039961B /* Build configuration list for PBXNativeTarget "Sample" */;
			buildPhases = (
				D0C5F9791BAF8BDD0039961B /* Sources */,
				D0C5F97A1BAF8BDD0039961B /* Frameworks */,
				D0C5F97B1BAF8BDD0039961B /* Resources */,
			);
			buildRules = (
			);
			dependencies = (
			);
			name = Sample;
			productName = Sample;
			productReference = D0C5F97D1BAF8BDD0039961B /* Sample.app */;
			productType = "com.apple.product-type.application";
		};
/* End PBXNativeTarget section */

/* Begin PBXProject section */
		D0C5F9751BAF8BDD0039961B /* Project object */ = {
			isa = PBXProject;
			attributes = {
				LastUpgradeCheck = 0700;
				ORGANIZATIONNAME = P.D.Q.;
				TargetAttributes = {
					D0C5F97C1BAF8BDD0039961B = {
						CreatedOnToolsVersion = 7.0;
					};
				};
			};
			buildConfigurationList = D0C5F9781BAF8BDD0039961B /* Build configuration list for PBXProject "Sample" */;
			compatibilityVersion = "Xcode 3.2";
			developmentRegion = English;
			hasScannedForEncodings = 0;
			knownRegions = (
				en,
				Base,
			);
			mainGroup = D0C5F9741BAF8BDD0039961B;
			productRefGroup = D0C5F97E1BAF8BDD0039961B /* Products */;
			projectDirPath = "";
			projectRoot = "";
			targets = (
				D0C5F97C1BAF8BDD0039961B /* Sample */,
			);
		};
/* End PBXProject section */

/* Begin PBXResourcesBuildPhase section */
		D0C5F97B1BAF8BDD0039961B /* Resources */ = {
			isa = PBXResourcesBuildPhase;
			buildActionMask = 2147483647;
			files = (
				D0C5F98B1BAF8BDD0039961B /* LaunchScreen.storyboard in Resources */,
				D0C5F9881BAF8BDD0039961B /* Assets.xcassets in Resources */,
				D0C5F9861BAF8BDD0039961B /* Main.storyboard in Resources */,
			);
			runOnlyForDeploymentPostprocessing = 0;
		};
/* End PBXResourcesBuildPhase section */

/* Begin PBXSourcesBuildPhase section */
		D0C5F9791BAF8BDD0039961B /* Sources */ = {
			isa = PBXSourcesBuildPhase;
			buildActionMask = 2147483647;
			files = (
				D0C5F9831BAF8BDD0039961B /* ViewController.swift in Sources */,
				D0C5F9811BAF8BDD0039961B /* AppDelegate.swift in Sources */,
				D0C5F9931BAF8BE80039961B /* UIColorExtension.swift in Sources */,
			);
			runOnlyForDeploymentPostprocessing = 0;
		};
/* End PBXSourcesBuildPhase section */

/* Begin PBXVariantGroup section */
		D0C5F9841BAF8BDD0039961B /* Main.storyboard */ = {
			isa = PBXVariantGroup;
			children = (
				D0C5F9851BAF8BDD0039961B /* Base */,
			);
			name = Main.storyboard;
			sourceTree = "<group>";
		};
		D0C5F9891BAF8BDD0039961B /* LaunchScreen.storyboard */ = {
			isa = PBXVariantGroup;
			children = (
				D0C5F98A1BAF8BDD0039961B /* Base */,
			);
			name = LaunchScreen.storyboard;
			sourceTree = "<group>";
		};
/* End PBXVariantGroup section */

/* Begin XCBuildConfiguration section */
		D0C5F98D1BAF8BDD0039961B /* Debug */ = {
			isa = XCBuildConfiguration;
			buildSettings = {
				ALWAYS_SEARCH_USER_PATHS = NO;
				CLANG_CXX_LANGUAGE_STANDARD = "gnu++0x";
				CLANG_CXX_LIBRARY = "libc++";
				CLANG_ENABLE_MODULES = YES;
				CLANG_ENABLE_OBJC_ARC = YES;
				CLANG_WARN_BOOL_CONVERSION = YES;
				CLANG_WARN_CONSTANT_CONVERSION = YES;
				CLANG_WARN_DIRECT_OBJC_ISA_USAGE = YES_ERROR;
				CLANG_WARN_EMPTY_BODY = YES;
				CLANG_WARN_ENUM_CONVERSION = YES;
				CLANG_WARN_INT_CONVERSION = YES;
				CLANG_WARN_OBJC_ROOT_CLASS = YES_ERROR;
				CLANG_WARN_UNREACHABLE_CODE = YES;
				CLANG_WARN__DUPLICATE_METHOD_MATCH = YES;
				"CODE_SIGN_IDENTITY[sdk=iphoneos*]" = "iPhone Developer";
				COPY_PHASE_STRIP = NO;
				DEBUG_INFORMATION_FORMAT = dwarf;
				ENABLE_STRICT_OBJC_MSGSEND = YES;
				ENABLE_TESTABILITY = YES;
				GCC_C_LANGUAGE_STANDARD = gnu99;
				GCC_DYNAMIC_NO_PIC = NO;
				GCC_NO_COMMON_BLOCKS = YES;
				GCC_OPTIMIZATION_LEVEL = 0;
				GCC_PREPROCESSOR_DEFINITIONS = (
					"DEBUG=1",
					"$(inherited)",
				);
				GCC_WARN_64_TO_32_BIT_CONVERSION = YES;
				GCC_WARN_ABOUT_RETURN_TYPE = YES_ERROR;
				GCC_WARN_UNDECLARED_SELECTOR = YES;
				GCC_WARN_UNINITIALIZED_AUTOS = YES_AGGRESSIVE;
				GCC_WARN_UNUSED_FUNCTION = YES;
				GCC_WARN_UNUSED_VARIABLE = YES;
				IPHONEOS_DEPLOYMENT_TARGET = 9.0;
				MTL_ENABLE_DEBUG_INFO = YES;
				ONLY_ACTIVE_ARCH = YES;
				SDKROOT = iphoneos;
				SWIFT_OPTIMIZATION_LEVEL = "-Onone";
				TARGETED_DEVICE_FAMILY = "1,2";
			};
			name = Debug;
		};
		D0C5F98E1BAF8BDD0039961B /* Release */ = {
			isa = XCBuildConfiguration;
			buildSettings = {
				ALWAYS_SEARCH_USER_PATHS = NO;
				CLANG_CXX_LANGUAGE_STANDARD = "gnu++0x";
				CLANG_CXX_LIBRARY = "libc++";
				CLANG_ENABLE_MODULES = YES;
				CLANG_ENABLE_OBJC_ARC = YES;
				CLANG_WARN_BOOL_CONVERSION = YES;
				CLANG_WARN_CONSTANT_CONVERSION = YES;
				CLANG_WARN_DIRECT_OBJC_ISA_USAGE = YES_ERROR;
				CLANG_WARN_EMPTY_BODY = YES;
				CLANG_WARN_ENUM_CONVERSION = YES;
				CLANG_WARN_INT_CONVERSION = YES;
				CLANG_WARN_OBJC_ROOT_CLASS = YES_ERROR;
				CLANG_WARN_UNREACHABLE_CODE = YES;
				CLANG_WARN__DUPLICATE_METHOD_MATCH = YES;
				"CODE_SIGN_IDENTITY[sdk=iphoneos*]" = "iPhone Developer";
				COPY_PHASE_STRIP = NO;
				DEBUG_INFORMATION_FORMAT = "dwarf-with-dsym";
				ENABLE_NS_ASSERTIONS = NO;
				ENABLE_STRICT_OBJC_MSGSEND = YES;
				GCC_C_LANGUAGE_STANDARD = gnu99;
				GCC_NO_COMMON_BLOCKS = YES;
				GCC_WARN_64_TO_32_BIT_CONVERSION = YES;
				GCC_WARN_ABOUT_RETURN_TYPE = YES_ERROR;
				GCC_WARN_UNDECLARED_SELECTOR = YES;
				GCC_WARN_UNINITIALIZED_AUTOS = YES_AGGRESSIVE;
				GCC_WARN_UNUSED_FUNCTION = YES;
				GCC_WARN_UNUSED_VARIABLE = YES;
				IPHONEOS_DEPLOYMENT_TARGET = 9.0;
				MTL_ENABLE_DEBUG_INFO = NO;
				SDKROOT = iphoneos;
				TARGETED_DEVICE_FAMILY = "1,2";
				VALIDATE_PRODUCT = YES;
			};
			name = Release;
		};
		D0C5F9901BAF8BDD0039961B /* Debug */ = {
			isa = XCBuildConfiguration;
			buildSettings = {
				ASSETCATALOG_COMPILER_APPICON_NAME = AppIcon;
				INFOPLIST_FILE = Sample/Info.plist;
				LD_RUNPATH_SEARCH_PATHS = "$(inherited) @executable_path/Frameworks";
				PRODUCT_BUNDLE_IDENTIFIER = com.pdq.Sample;
				PRODUCT_NAME = "$(TARGET_NAME)";
			};
			name = Debug;
		};
		D0C5F9911BAF8BDD0039961B /* Release */ = {
			isa = XCBuildConfiguration;
			buildSettings = {
				ASSETCATALOG_COMPILER_APPICON_NAME = AppIcon;
				INFOPLIST_FILE = Sample/Info.plist;
				LD_RUNPATH_SEARCH_PATHS = "$(inherited) @executable_path/Frameworks";
				PRODUCT_BUNDLE_IDENTIFIER = com.pdq.Sample;
				PRODUCT_NAME = "$(TARGET_NAME)";
			};
			name = Release;
		};
/* End XCBuildConfiguration section */

/* Begin XCConfigurationList section */
		D0C5F9781BAF8BDD0039961B /* Build configuration list for PBXProject "Sample" */ = {
			isa = XCConfigurationList;
			buildConfigurations = (
				D0C5F98D1BAF8BDD0039961B /* Debug */,
				D0C5F98E1BAF8BDD0039961B /* Release */,
			);
			defaultConfigurationIsVisible = 0;
			defaultConfigurationName = Release;
		};
		D0C5F98F1BAF8BDD0039961B /* Build configuration list for PBXNativeTarget "Sample" */ = {
			isa = XCConfigurationList;
			buildConfigurations = (
				D0C5F9901BAF8BDD0039961B /* Debug */,
				D0C5F9911BAF8BDD0039961B /* Release */,
			);
			defaultConfigurationIsVisible = 0;
		};
/* End XCConfigurationList section */
	};
	rootObject = D0C5F9751BAF8BDD0039961B /* Project object */;
}
