// !$*UTF8*$!
{
	archiveVersion = 1;
	classes = {
	};
	objectVersion = 46;
	objects = {

/* Begin PBXBuildFile section */
		43BCBCC11C51BAFE00205107 /* HEXColor.h in Headers */ = {isa = PBXBuildFile; fileRef = AA06B5091BC225210049FE14 /* HEXColor.h */; settings = {ATTRIBUTES = (Public, ); }; };
		43BCBCC21C51BB0100205107 /* UIColorExtension.swift in Sources */ = {isa = PBXBuildFile; fileRef = AA06B5221BC233F80049FE14 /* UIColorExtension.swift */; };
		AA06B50A1BC225210049FE14 /* HEXColor.h in Headers */ = {isa = PBXBuildFile; fileRef = AA06B5091BC225210049FE14 /* HEXColor.h */; settings = {ATTRIBUTES = (Public, ); }; };
		AA06B5111BC225210049FE14 /* HEXColor.framework in Frameworks */ = {isa = PBXBuildFile; fileRef = AA06B5061BC225210049FE14 /* HEXColor.framework */; };
		AA06B5161BC225210049FE14 /* HEXColorTests.swift in Sources */ = {isa = PBXBuildFile; fileRef = AA06B5151BC225210049FE14 /* HEXColorTests.swift */; };
		AA06B5231BC233F80049FE14 /* UIColorExtension.swift in Sources */ = {isa = PBXBuildFile; fileRef = AA06B5221BC233F80049FE14 /* UIColorExtension.swift */; };
/* End PBXBuildFile section */

/* Begin PBXContainerItemProxy section */
		AA06B5121BC225210049FE14 /* PBXContainerItemProxy */ = {
			isa = PBXContainerItemProxy;
			containerPortal = AA06B4FD1BC225210049FE14 /* Project object */;
			proxyType = 1;
			remoteGlobalIDString = AA06B5051BC225210049FE14;
			remoteInfo = HEXColor;
		};
/* End PBXContainerItemProxy section */

/* Begin PBXFileReference section */
		43BCBCB61C51BA3D00205107 /* HEXColor.framework */ = {isa = PBXFileReference; explicitFileType = wrapper.framework; includeInIndex = 0; path = HEXColor.framework; sourceTree = BUILT_PRODUCTS_DIR; };
		43BCBCBA1C51BA3D00205107 /* watchOS-Info.plist */ = {isa = PBXFileReference; lastKnownFileType = text.plist.xml; path = "watchOS-Info.plist"; sourceTree = "<group>"; };
		43BCBCBF1C51BAA800205107 /* iOS-Info.plist */ = {isa = PBXFileReference; fileEncoding = 4; lastKnownFileType = text.plist.xml; path = "iOS-Info.plist"; sourceTree = "<group>"; };
		AA06B5061BC225210049FE14 /* HEXColor.framework */ = {isa = PBXFileReference; explicitFileType = wrapper.framework; includeInIndex = 0; path = HEXColor.framework; sourceTree = BUILT_PRODUCTS_DIR; };
		AA06B5091BC225210049FE14 /* HEXColor.h */ = {isa = PBXFileReference; lastKnownFileType = sourcecode.c.h; path = HEXColor.h; sourceTree = "<group>"; };
		AA06B5101BC225210049FE14 /* HEXColorTests.xctest */ = {isa = PBXFileReference; explicitFileType = wrapper.cfbundle; includeInIndex = 0; path = HEXColorTests.xctest; sourceTree = BUILT_PRODUCTS_DIR; };
		AA06B5151BC225210049FE14 /* HEXColorTests.swift */ = {isa = PBXFileReference; lastKnownFileType = sourcecode.swift; path = HEXColorTests.swift; sourceTree = "<group>"; };
		AA06B5171BC225210049FE14 /* Info.plist */ = {isa = PBXFileReference; lastKnownFileType = text.plist.xml; path = Info.plist; sourceTree = "<group>"; };
		AA06B5221BC233F80049FE14 /* UIColorExtension.swift */ = {isa = PBXFileReference; fileEncoding = 4; lastKnownFileType = sourcecode.swift; path = UIColorExtension.swift; sourceTree = "<group>"; };
/* End PBXFileReference section */

/* Begin PBXFrameworksBuildPhase section */
		43BCBCB21C51BA3D00205107 /* Frameworks */ = {
			isa = PBXFrameworksBuildPhase;
			buildActionMask = 2147483647;
			files = (
			);
			runOnlyForDeploymentPostprocessing = 0;
		};
		AA06B5021BC225210049FE14 /* Frameworks */ = {
			isa = PBXFrameworksBuildPhase;
			buildActionMask = 2147483647;
			files = (
			);
			runOnlyForDeploymentPostprocessing = 0;
		};
		AA06B50D1BC225210049FE14 /* Frameworks */ = {
			isa = PBXFrameworksBuildPhase;
			buildActionMask = 2147483647;
			files = (
				AA06B5111BC225210049FE14 /* HEXColor.framework in Frameworks */,
			);
			runOnlyForDeploymentPostprocessing = 0;
		};
/* End PBXFrameworksBuildPhase section */

/* Begin PBXGroup section */
		43BCBCBE1C51BA9900205107 /* Supporting Files */ = {
			isa = PBXGroup;
			children = (
				43BCBCBF1C51BAA800205107 /* iOS-Info.plist */,
				43BCBCBA1C51BA3D00205107 /* watchOS-Info.plist */,
			);
			name = "Supporting Files";
			path = Resources;
			sourceTree = "<group>";
		};
		AA06B4FC1BC225210049FE14 = {
			isa = PBXGroup;
			children = (
				AA06B5081BC225210049FE14 /* HEXColor */,
				AA06B5141BC225210049FE14 /* HEXColorTests */,
				AA06B5071BC225210049FE14 /* Products */,
			);
			sourceTree = "<group>";
		};
		AA06B5071BC225210049FE14 /* Products */ = {
			isa = PBXGroup;
			children = (
				AA06B5061BC225210049FE14 /* HEXColor.framework */,
				AA06B5101BC225210049FE14 /* HEXColorTests.xctest */,
				43BCBCB61C51BA3D00205107 /* HEXColor.framework */,
			);
			name = Products;
			sourceTree = "<group>";
		};
		AA06B5081BC225210049FE14 /* HEXColor */ = {
			isa = PBXGroup;
			children = (
				AA06B5091BC225210049FE14 /* HEXColor.h */,
				AA06B5221BC233F80049FE14 /* UIColorExtension.swift */,
				43BCBCBE1C51BA9900205107 /* Supporting Files */,
			);
			path = HEXColor;
			sourceTree = "<group>";
		};
		AA06B5141BC225210049FE14 /* HEXColorTests */ = {
			isa = PBXGroup;
			children = (
				AA06B5151BC225210049FE14 /* HEXColorTests.swift */,
				AA06B5171BC225210049FE14 /* Info.plist */,
			);
			path = HEXColorTests;
			sourceTree = "<group>";
		};
/* End PBXGroup section */

/* Begin PBXHeadersBuildPhase section */
		43BCBCB31C51BA3D00205107 /* Headers */ = {
			isa = PBXHeadersBuildPhase;
			buildActionMask = 2147483647;
			files = (
				43BCBCC11C51BAFE00205107 /* HEXColor.h in Headers */,
			);
			runOnlyForDeploymentPostprocessing = 0;
		};
		AA06B5031BC225210049FE14 /* Headers */ = {
			isa = PBXHeadersBuildPhase;
			buildActionMask = 2147483647;
			files = (
				AA06B50A1BC225210049FE14 /* HEXColor.h in Headers */,
			);
			runOnlyForDeploymentPostprocessing = 0;
		};
/* End PBXHeadersBuildPhase section */

/* Begin PBXNativeTarget section */
		43BCBCB51C51BA3D00205107 /* HEXColor-watchOS */ = {
			isa = PBXNativeTarget;
			buildConfigurationList = 43BCBCBD1C51BA3D00205107 /* Build configuration list for PBXNativeTarget "HEXColor-watchOS" */;
			buildPhases = (
				43BCBCB11C51BA3D00205107 /* Sources */,
				43BCBCB21C51BA3D00205107 /* Frameworks */,
				43BCBCB31C51BA3D00205107 /* Headers */,
				43BCBCB41C51BA3D00205107 /* Resources */,
			);
			buildRules = (
			);
			dependencies = (
			);
			name = "HEXColor-watchOS";
			productName = "HEXColor-watchOS";
			productReference = 43BCBCB61C51BA3D00205107 /* HEXColor.framework */;
			productType = "com.apple.product-type.framework";
		};
		AA06B5051BC225210049FE14 /* HEXColor-iOS */ = {
			isa = PBXNativeTarget;
			buildConfigurationList = AA06B51A1BC225210049FE14 /* Build configuration list for PBXNativeTarget "HEXColor-iOS" */;
			buildPhases = (
				AA06B5011BC225210049FE14 /* Sources */,
				AA06B5021BC225210049FE14 /* Frameworks */,
				AA06B5031BC225210049FE14 /* Headers */,
				AA06B5041BC225210049FE14 /* Resources */,
			);
			buildRules = (
			);
			dependencies = (
			);
			name = "HEXColor-iOS";
			productName = HEXColor;
			productReference = AA06B5061BC225210049FE14 /* HEXColor.framework */;
			productType = "com.apple.product-type.framework";
		};
		AA06B50F1BC225210049FE14 /* HEXColorTests */ = {
			isa = PBXNativeTarget;
			buildConfigurationList = AA06B51D1BC225210049FE14 /* Build configuration list for PBXNativeTarget "HEXColorTests" */;
			buildPhases = (
				AA06B50C1BC225210049FE14 /* Sources */,
				AA06B50D1BC225210049FE14 /* Frameworks */,
				AA06B50E1BC225210049FE14 /* Resources */,
			);
			buildRules = (
			);
			dependencies = (
				AA06B5131BC225210049FE14 /* PBXTargetDependency */,
			);
			name = HEXColorTests;
			productName = HEXColorTests;
			productReference = AA06B5101BC225210049FE14 /* HEXColorTests.xctest */;
			productType = "com.apple.product-type.bundle.unit-test";
		};
/* End PBXNativeTarget section */

/* Begin PBXProject section */
		AA06B4FD1BC225210049FE14 /* Project object */ = {
			isa = PBXProject;
			attributes = {
				LastSwiftUpdateCheck = 0700;
				LastUpgradeCheck = 0800;
				ORGANIZATIONNAME = P.D.Q.;
				TargetAttributes = {
					43BCBCB51C51BA3D00205107 = {
						CreatedOnToolsVersion = 7.2;
						LastSwiftMigration = 0800;
					};
					AA06B5051BC225210049FE14 = {
						CreatedOnToolsVersion = 7.0.1;
						LastSwiftMigration = 0800;
					};
					AA06B50F1BC225210049FE14 = {
						CreatedOnToolsVersion = 7.0.1;
						LastSwiftMigration = 0800;
					};
				};
			};
			buildConfigurationList = AA06B5001BC225210049FE14 /* Build configuration list for PBXProject "HEXColor" */;
			compatibilityVersion = "Xcode 3.2";
			developmentRegion = English;
			hasScannedForEncodings = 0;
			knownRegions = (
				en,
			);
			mainGroup = AA06B4FC1BC225210049FE14;
			productRefGroup = AA06B5071BC225210049FE14 /* Products */;
			projectDirPath = "";
			projectRoot = "";
			targets = (
				AA06B5051BC225210049FE14 /* HEXColor-iOS */,
				43BCBCB51C51BA3D00205107 /* HEXColor-watchOS */,
				AA06B50F1BC225210049FE14 /* HEXColorTests */,
			);
		};
/* End PBXProject section */

/* Begin PBXResourcesBuildPhase section */
		43BCBCB41C51BA3D00205107 /* Resources */ = {
			isa = PBXResourcesBuildPhase;
			buildActionMask = 2147483647;
			files = (
			);
			runOnlyForDeploymentPostprocessing = 0;
		};
		AA06B5041BC225210049FE14 /* Resources */ = {
			isa = PBXResourcesBuildPhase;
			buildActionMask = 2147483647;
			files = (
			);
			runOnlyForDeploymentPostprocessing = 0;
		};
		AA06B50E1BC225210049FE14 /* Resources */ = {
			isa = PBXResourcesBuildPhase;
			buildActionMask = 2147483647;
			files = (
			);
			runOnlyForDeploymentPostprocessing = 0;
		};
/* End PBXResourcesBuildPhase section */

/* Begin PBXSourcesBuildPhase section */
		43BCBCB11C51BA3D00205107 /* Sources */ = {
			isa = PBXSourcesBuildPhase;
			buildActionMask = 2147483647;
			files = (
				43BCBCC21C51BB0100205107 /* UIColorExtension.swift in Sources */,
			);
			runOnlyForDeploymentPostprocessing = 0;
		};
		AA06B5011BC225210049FE14 /* Sources */ = {
			isa = PBXSourcesBuildPhase;
			buildActionMask = 2147483647;
			files = (
				AA06B5231BC233F80049FE14 /* UIColorExtension.swift in Sources */,
			);
			runOnlyForDeploymentPostprocessing = 0;
		};
		AA06B50C1BC225210049FE14 /* Sources */ = {
			isa = PBXSourcesBuildPhase;
			buildActionMask = 2147483647;
			files = (
				AA06B5161BC225210049FE14 /* HEXColorTests.swift in Sources */,
			);
			runOnlyForDeploymentPostprocessing = 0;
		};
/* End PBXSourcesBuildPhase section */

/* Begin PBXTargetDependency section */
		AA06B5131BC225210049FE14 /* PBXTargetDependency */ = {
			isa = PBXTargetDependency;
			target = AA06B5051BC225210049FE14 /* HEXColor-iOS */;
			targetProxy = AA06B5121BC225210049FE14 /* PBXContainerItemProxy */;
		};
/* End PBXTargetDependency section */

/* Begin XCBuildConfiguration section */
		43BCBCBB1C51BA3D00205107 /* Debug */ = {
			isa = XCBuildConfiguration;
			buildSettings = {
				APPLICATION_EXTENSION_API_ONLY = YES;
				BITCODE_GENERATION_MODE = bitcode;
				"CODE_SIGN_IDENTITY[sdk=watchos*]" = "";
				DEFINES_MODULE = YES;
				DYLIB_COMPATIBILITY_VERSION = 1;
				DYLIB_CURRENT_VERSION = 1;
				DYLIB_INSTALL_NAME_BASE = "@rpath";
				INFOPLIST_FILE = "HEXColor/Resources/watchOS-Info.plist";
				INSTALL_PATH = "$(LOCAL_LIBRARY_DIR)/Frameworks";
				LD_RUNPATH_SEARCH_PATHS = "$(inherited) @executable_path/Frameworks @loader_path/Frameworks";
				PRODUCT_BUNDLE_IDENTIFIER = "com.pdq.HEXColor-watchOS";
				PRODUCT_NAME = HEXColor;
				SDKROOT = watchos;
				SKIP_INSTALL = YES;
				SWIFT_VERSION = 3.0;
				TARGETED_DEVICE_FAMILY = 4;
				WATCHOS_DEPLOYMENT_TARGET = 2.1;
			};
			name = Debug;
		};
		43BCBCBC1C51BA3D00205107 /* Release */ = {
			isa = XCBuildConfiguration;
			buildSettings = {
				APPLICATION_EXTENSION_API_ONLY = YES;
				BITCODE_GENERATION_MODE = bitcode;
				"CODE_SIGN_IDENTITY[sdk=watchos*]" = "";
				DEFINES_MODULE = YES;
				DYLIB_COMPATIBILITY_VERSION = 1;
				DYLIB_CURRENT_VERSION = 1;
				DYLIB_INSTALL_NAME_BASE = "@rpath";
				INFOPLIST_FILE = "HEXColor/Resources/watchOS-Info.plist";
				INSTALL_PATH = "$(LOCAL_LIBRARY_DIR)/Frameworks";
				LD_RUNPATH_SEARCH_PATHS = "$(inherited) @executable_path/Frameworks @loader_path/Frameworks";
				PRODUCT_BUNDLE_IDENTIFIER = "com.pdq.HEXColor-watchOS";
				PRODUCT_NAME = HEXColor;
				SDKROOT = watchos;
				SKIP_INSTALL = YES;
				SWIFT_VERSION = 3.0;
				TARGETED_DEVICE_FAMILY = 4;
				WATCHOS_DEPLOYMENT_TARGET = 2.1;
			};
			name = Release;
		};
		AA06B5181BC225210049FE14 /* Debug */ = {
			isa = XCBuildConfiguration;
			buildSettings = {
				ALWAYS_SEARCH_USER_PATHS = NO;
				CLANG_CXX_LANGUAGE_STANDARD = "gnu++0x";
				CLANG_CXX_LIBRARY = "libc++";
				CLANG_ENABLE_MODULES = YES;
				CLANG_ENABLE_OBJC_ARC = YES;
				CLANG_WARN_BOOL_CONVERSION = YES;
				CLANG_WARN_CONSTANT_CONVERSION = YES;
				CLANG_WARN_DIRECT_OBJC_ISA_USAGE = YES_ERROR;
				CLANG_WARN_EMPTY_BODY = YES;
				CLANG_WARN_ENUM_CONVERSION = YES;
				CLANG_WARN_INFINITE_RECURSION = YES;
				CLANG_WARN_INT_CONVERSION = YES;
				CLANG_WARN_OBJC_ROOT_CLASS = YES_ERROR;
				CLANG_WARN_SUSPICIOUS_MOVE = YES;
				CLANG_WARN_UNREACHABLE_CODE = YES;
				CLANG_WARN__DUPLICATE_METHOD_MATCH = YES;
				"CODE_SIGN_IDENTITY[sdk=iphoneos*]" = "iPhone Developer";
				COPY_PHASE_STRIP = NO;
				CURRENT_PROJECT_VERSION = 1;
				DEBUG_INFORMATION_FORMAT = dwarf;
				ENABLE_STRICT_OBJC_MSGSEND = YES;
				ENABLE_TESTABILITY = YES;
				GCC_C_LANGUAGE_STANDARD = gnu99;
				GCC_DYNAMIC_NO_PIC = NO;
				GCC_NO_COMMON_BLOCKS = YES;
				GCC_OPTIMIZATION_LEVEL = 0;
				GCC_PREPROCESSOR_DEFINITIONS = (
					"DEBUG=1",
					"$(inherited)",
				);
				GCC_WARN_64_TO_32_BIT_CONVERSION = YES;
				GCC_WARN_ABOUT_RETURN_TYPE = YES_ERROR;
				GCC_WARN_UNDECLARED_SELECTOR = YES;
				GCC_WARN_UNINITIALIZED_AUTOS = YES_AGGRESSIVE;
				GCC_WARN_UNUSED_FUNCTION = YES;
				GCC_WARN_UNUSED_VARIABLE = YES;
				IPHONEOS_DEPLOYMENT_TARGET = 9.0;
				MTL_ENABLE_DEBUG_INFO = YES;
				ONLY_ACTIVE_ARCH = YES;
				SDKROOT = iphoneos;
				SWIFT_OPTIMIZATION_LEVEL = "-Onone";
				TARGETED_DEVICE_FAMILY = "1,2";
				VERSIONING_SYSTEM = "apple-generic";
				VERSION_INFO_PREFIX = "";
			};
			name = Debug;
		};
		AA06B5191BC225210049FE14 /* Release */ = {
			isa = XCBuildConfiguration;
			buildSettings = {
				ALWAYS_SEARCH_USER_PATHS = NO;
				CLANG_CXX_LANGUAGE_STANDARD = "gnu++0x";
				CLANG_CXX_LIBRARY = "libc++";
				CLANG_ENABLE_MODULES = YES;
				CLANG_ENABLE_OBJC_ARC = YES;
				CLANG_WARN_BOOL_CONVERSION = YES;
				CLANG_WARN_CONSTANT_CONVERSION = YES;
				CLANG_WARN_DIRECT_OBJC_ISA_USAGE = YES_ERROR;
				CLANG_WARN_EMPTY_BODY = YES;
				CLANG_WARN_ENUM_CONVERSION = YES;
				CLANG_WARN_INFINITE_RECURSION = YES;
				CLANG_WARN_INT_CONVERSION = YES;
				CLANG_WARN_OBJC_ROOT_CLASS = YES_ERROR;
				CLANG_WARN_SUSPICIOUS_MOVE = YES;
				CLANG_WARN_UNREACHABLE_CODE = YES;
				CLANG_WARN__DUPLICATE_METHOD_MATCH = YES;
				"CODE_SIGN_IDENTITY[sdk=iphoneos*]" = "iPhone Developer";
				COPY_PHASE_STRIP = NO;
				CURRENT_PROJECT_VERSION = 1;
				DEBUG_INFORMATION_FORMAT = "dwarf-with-dsym";
				ENABLE_NS_ASSERTIONS = NO;
				ENABLE_STRICT_OBJC_MSGSEND = YES;
				GCC_C_LANGUAGE_STANDARD = gnu99;
				GCC_NO_COMMON_BLOCKS = YES;
				GCC_WARN_64_TO_32_BIT_CONVERSION = YES;
				GCC_WARN_ABOUT_RETURN_TYPE = YES_ERROR;
				GCC_WARN_UNDECLARED_SELECTOR = YES;
				GCC_WARN_UNINITIALIZED_AUTOS = YES_AGGRESSIVE;
				GCC_WARN_UNUSED_FUNCTION = YES;
				GCC_WARN_UNUSED_VARIABLE = YES;
				IPHONEOS_DEPLOYMENT_TARGET = 9.0;
				MTL_ENABLE_DEBUG_INFO = NO;
				SDKROOT = iphoneos;
				SWIFT_OPTIMIZATION_LEVEL = "-Owholemodule";
				TARGETED_DEVICE_FAMILY = "1,2";
				VALIDATE_PRODUCT = YES;
				VERSIONING_SYSTEM = "apple-generic";
				VERSION_INFO_PREFIX = "";
			};
			name = Release;
		};
		AA06B51B1BC225210049FE14 /* Debug */ = {
			isa = XCBuildConfiguration;
			buildSettings = {
				BITCODE_GENERATION_MODE = bitcode;
				CLANG_ENABLE_MODULES = YES;
				"CODE_SIGN_IDENTITY[sdk=iphoneos*]" = "";
				DEFINES_MODULE = YES;
				DYLIB_COMPATIBILITY_VERSION = 1;
				DYLIB_CURRENT_VERSION = 1;
				DYLIB_INSTALL_NAME_BASE = "@rpath";
				INFOPLIST_FILE = "HEXColor/Resources/iOS-Info.plist";
				INSTALL_PATH = "$(LOCAL_LIBRARY_DIR)/Frameworks";
				IPHONEOS_DEPLOYMENT_TARGET = 8.0;
				LD_RUNPATH_SEARCH_PATHS = "$(inherited) @executable_path/Frameworks @loader_path/Frameworks";
				PRODUCT_BUNDLE_IDENTIFIER = com.pdq.HEXColor;
				PRODUCT_NAME = HEXColor;
				SKIP_INSTALL = YES;
				SWIFT_OPTIMIZATION_LEVEL = "-Onone";
				SWIFT_VERSION = 3.0;
			};
			name = Debug;
		};
		AA06B51C1BC225210049FE14 /* Release */ = {
			isa = XCBuildConfiguration;
			buildSettings = {
				BITCODE_GENERATION_MODE = bitcode;
				CLANG_ENABLE_MODULES = YES;
				"CODE_SIGN_IDENTITY[sdk=iphoneos*]" = "";
				DEFINES_MODULE = YES;
				DYLIB_COMPATIBILITY_VERSION = 1;
				DYLIB_CURRENT_VERSION = 1;
				DYLIB_INSTALL_NAME_BASE = "@rpath";
				INFOPLIST_FILE = "HEXColor/Resources/iOS-Info.plist";
				INSTALL_PATH = "$(LOCAL_LIBRARY_DIR)/Frameworks";
				IPHONEOS_DEPLOYMENT_TARGET = 8.0;
				LD_RUNPATH_SEARCH_PATHS = "$(inherited) @executable_path/Frameworks @loader_path/Frameworks";
				PRODUCT_BUNDLE_IDENTIFIER = com.pdq.HEXColor;
				PRODUCT_NAME = HEXColor;
				SKIP_INSTALL = YES;
				SWIFT_VERSION = 3.0;
			};
			name = Release;
		};
		AA06B51E1BC225210049FE14 /* Debug */ = {
			isa = XCBuildConfiguration;
			buildSettings = {
				INFOPLIST_FILE = HEXColorTests/Info.plist;
				LD_RUNPATH_SEARCH_PATHS = "$(inherited) @executable_path/Frameworks @loader_path/Frameworks";
				PRODUCT_BUNDLE_IDENTIFIER = com.pdq.HEXColorTests;
				PRODUCT_NAME = "$(TARGET_NAME)";
				SWIFT_VERSION = 3.0;
			};
			name = Debug;
		};
		AA06B51F1BC225210049FE14 /* Release */ = {
			isa = XCBuildConfiguration;
			buildSettings = {
				INFOPLIST_FILE = HEXColorTests/Info.plist;
				LD_RUNPATH_SEARCH_PATHS = "$(inherited) @executable_path/Frameworks @loader_path/Frameworks";
				PRODUCT_BUNDLE_IDENTIFIER = com.pdq.HEXColorTests;
				PRODUCT_NAME = "$(TARGET_NAME)";
				SWIFT_VERSION = 3.0;
			};
			name = Release;
		};
/* End XCBuildConfiguration section */

/* Begin XCConfigurationList section */
		43BCBCBD1C51BA3D00205107 /* Build configuration list for PBXNativeTarget "HEXColor-watchOS" */ = {
			isa = XCConfigurationList;
			buildConfigurations = (
				43BCBCBB1C51BA3D00205107 /* Debug */,
				43BCBCBC1C51BA3D00205107 /* Release */,
			);
			defaultConfigurationIsVisible = 0;
			defaultConfigurationName = Release;
		};
		AA06B5001BC225210049FE14 /* Build configuration list for PBXProject "HEXColor" */ = {
			isa = XCConfigurationList;
			buildConfigurations = (
				AA06B5181BC225210049FE14 /* Debug */,
				AA06B5191BC225210049FE14 /* Release */,
			);
			defaultConfigurationIsVisible = 0;
			defaultConfigurationName = Release;
		};
		AA06B51A1BC225210049FE14 /* Build configuration list for PBXNativeTarget "HEXColor-iOS" */ = {
			isa = XCConfigurationList;
			buildConfigurations = (
				AA06B51B1BC225210049FE14 /* Debug */,
				AA06B51C1BC225210049FE14 /* Release */,
			);
			defaultConfigurationIsVisible = 0;
			defaultConfigurationName = Release;
		};
		AA06B51D1BC225210049FE14 /* Build configuration list for PBXNativeTarget "HEXColorTests" */ = {
			isa = XCConfigurationList;
			buildConfigurations = (
				AA06B51E1BC225210049FE14 /* Debug */,
				AA06B51F1BC225210049FE14 /* Release */,
			);
			defaultConfigurationIsVisible = 0;
			defaultConfigurationName = Release;
		};
/* End XCConfigurationList section */
	};
	rootObject = AA06B4FD1BC225210049FE14 /* Project object */;
}
